// !$*UTF8*$!
{
	archiveVersion = 1;
	classes = {
	};
	objectVersion = 48;
	objects = {

/* Begin PBXBuildFile section */
		916EB6CE1F61BFB6004F976D /* Settings.storyboard in Resources */ = {isa = PBXBuildFile; fileRef = 916EB6CD1F61BFB6004F976D /* Settings.storyboard */; };
		916EB6D01F61BFBE004F976D /* SettingsViewController.swift in Sources */ = {isa = PBXBuildFile; fileRef = 916EB6CF1F61BFBE004F976D /* SettingsViewController.swift */; };
		9295C8551F6192D5004E00A4 /* Utils.swift in Sources */ = {isa = PBXBuildFile; fileRef = 9295C8541F6192D5004E00A4 /* Utils.swift */; };
		9295C8791F61B4DE004E00A4 /* PlanarMeerkatsViewController.swift in Sources */ = {isa = PBXBuildFile; fileRef = 9295C8781F61B4DE004E00A4 /* PlanarMeerkatsViewController.swift */; };
		92EC63921F617D1400BF8329 /* AppDelegate.swift in Sources */ = {isa = PBXBuildFile; fileRef = 92EC63911F617D1400BF8329 /* AppDelegate.swift */; };
		92EC63941F617D1400BF8329 /* art.scnassets in Resources */ = {isa = PBXBuildFile; fileRef = 92EC63931F617D1400BF8329 /* art.scnassets */; };
		92EC63961F617D1400BF8329 /* ViewController.swift in Sources */ = {isa = PBXBuildFile; fileRef = 92EC63951F617D1400BF8329 /* ViewController.swift */; };
		92EC63991F617D1400BF8329 /* Main.storyboard in Resources */ = {isa = PBXBuildFile; fileRef = 92EC63971F617D1400BF8329 /* Main.storyboard */; };
		92EC639B1F617D1400BF8329 /* Assets.xcassets in Resources */ = {isa = PBXBuildFile; fileRef = 92EC639A1F617D1400BF8329 /* Assets.xcassets */; };
		92EC639E1F617D1400BF8329 /* LaunchScreen.storyboard in Resources */ = {isa = PBXBuildFile; fileRef = 92EC639C1F617D1400BF8329 /* LaunchScreen.storyboard */; };
/* End PBXBuildFile section */

/* Begin PBXFileReference section */
		916EB6CD1F61BFB6004F976D /* Settings.storyboard */ = {isa = PBXFileReference; lastKnownFileType = file.storyboard; path = Settings.storyboard; sourceTree = "<group>"; };
		916EB6CF1F61BFBE004F976D /* SettingsViewController.swift */ = {isa = PBXFileReference; lastKnownFileType = sourcecode.swift; path = SettingsViewController.swift; sourceTree = "<group>"; };
		9295C8531F61839B004E00A4 /* ARKit.framework */ = {isa = PBXFileReference; lastKnownFileType = wrapper.framework; name = ARKit.framework; path = System/Library/Frameworks/ARKit.framework; sourceTree = SDKROOT; };
		9295C8541F6192D5004E00A4 /* Utils.swift */ = {isa = PBXFileReference; lastKnownFileType = sourcecode.swift; path = Utils.swift; sourceTree = "<group>"; };
		9295C8781F61B4DE004E00A4 /* PlanarMeerkatsViewController.swift */ = {isa = PBXFileReference; lastKnownFileType = sourcecode.swift; path = PlanarMeerkatsViewController.swift; sourceTree = "<group>"; };
		92EC638E1F617D1400BF8329 /* iOSMeerkats.app */ = {isa = PBXFileReference; explicitFileType = wrapper.application; includeInIndex = 0; path = iOSMeerkats.app; sourceTree = BUILT_PRODUCTS_DIR; };
		92EC63911F617D1400BF8329 /* AppDelegate.swift */ = {isa = PBXFileReference; lastKnownFileType = sourcecode.swift; path = AppDelegate.swift; sourceTree = "<group>"; };
		92EC63931F617D1400BF8329 /* art.scnassets */ = {isa = PBXFileReference; lastKnownFileType = wrapper.scnassets; path = art.scnassets; sourceTree = "<group>"; };
		92EC63951F617D1400BF8329 /* ViewController.swift */ = {isa = PBXFileReference; lastKnownFileType = sourcecode.swift; path = ViewController.swift; sourceTree = "<group>"; };
		92EC63981F617D1400BF8329 /* Base */ = {isa = PBXFileReference; lastKnownFileType = file.storyboard; name = Base; path = Base.lproj/Main.storyboard; sourceTree = "<group>"; };
		92EC639A1F617D1400BF8329 /* Assets.xcassets */ = {isa = PBXFileReference; lastKnownFileType = folder.assetcatalog; path = Assets.xcassets; sourceTree = "<group>"; };
		92EC639D1F617D1400BF8329 /* Base */ = {isa = PBXFileReference; lastKnownFileType = file.storyboard; name = Base; path = Base.lproj/LaunchScreen.storyboard; sourceTree = "<group>"; };
		92EC639F1F617D1400BF8329 /* Info.plist */ = {isa = PBXFileReference; lastKnownFileType = text.plist.xml; path = Info.plist; sourceTree = "<group>"; };
/* End PBXFileReference section */

/* Begin PBXFrameworksBuildPhase section */
		92EC638B1F617D1400BF8329 /* Frameworks */ = {
			isa = PBXFrameworksBuildPhase;
			buildActionMask = 2147483647;
			files = (
			);
			runOnlyForDeploymentPostprocessing = 0;
		};
/* End PBXFrameworksBuildPhase section */

/* Begin PBXGroup section */
		9295C8521F61839B004E00A4 /* Frameworks */ = {
			isa = PBXGroup;
			children = (
				9295C8531F61839B004E00A4 /* ARKit.framework */,
			);
			name = Frameworks;
			sourceTree = "<group>";
		};
		92EC63851F617D1400BF8329 = {
			isa = PBXGroup;
			children = (
				92EC63901F617D1400BF8329 /* iOSMeerkats */,
				92EC638F1F617D1400BF8329 /* Products */,
				9295C8521F61839B004E00A4 /* Frameworks */,
			);
			sourceTree = "<group>";
		};
		92EC638F1F617D1400BF8329 /* Products */ = {
			isa = PBXGroup;
			children = (
				92EC638E1F617D1400BF8329 /* iOSMeerkats.app */,
			);
			name = Products;
			sourceTree = "<group>";
		};
		92EC63901F617D1400BF8329 /* iOSMeerkats */ = {
			isa = PBXGroup;
			children = (
				92EC63911F617D1400BF8329 /* AppDelegate.swift */,
				92EC63931F617D1400BF8329 /* art.scnassets */,
				92EC63951F617D1400BF8329 /* ViewController.swift */,
				92EC63971F617D1400BF8329 /* Main.storyboard */,
				916EB6CD1F61BFB6004F976D /* Settings.storyboard */,
				916EB6CF1F61BFBE004F976D /* SettingsViewController.swift */,
				92EC639A1F617D1400BF8329 /* Assets.xcassets */,
				92EC639C1F617D1400BF8329 /* LaunchScreen.storyboard */,
				92EC639F1F617D1400BF8329 /* Info.plist */,
				9295C8541F6192D5004E00A4 /* Utils.swift */,
				9295C8781F61B4DE004E00A4 /* PlanarMeerkatsViewController.swift */,
			);
			path = iOSMeerkats;
			sourceTree = "<group>";
		};
/* End PBXGroup section */

/* Begin PBXNativeTarget section */
		92EC638D1F617D1400BF8329 /* iOSMeerkats */ = {
			isa = PBXNativeTarget;
			buildConfigurationList = 92EC63A21F617D1400BF8329 /* Build configuration list for PBXNativeTarget "iOSMeerkats" */;
			buildPhases = (
				92EC638A1F617D1400BF8329 /* Sources */,
				92EC638B1F617D1400BF8329 /* Frameworks */,
				92EC638C1F617D1400BF8329 /* Resources */,
			);
			buildRules = (
			);
			dependencies = (
			);
			name = iOSMeerkats;
			productName = iOSMeerkats;
			productReference = 92EC638E1F617D1400BF8329 /* iOSMeerkats.app */;
			productType = "com.apple.product-type.application";
		};
/* End PBXNativeTarget section */

/* Begin PBXProject section */
		92EC63861F617D1400BF8329 /* Project object */ = {
			isa = PBXProject;
			attributes = {
				LastSwiftUpdateCheck = 0900;
				LastUpgradeCheck = 0900;
				ORGANIZATIONNAME = "Anthony Cohn-Richardby";
				TargetAttributes = {
					92EC638D1F617D1400BF8329 = {
						CreatedOnToolsVersion = 9.0;
					};
				};
			};
			buildConfigurationList = 92EC63891F617D1400BF8329 /* Build configuration list for PBXProject "iOSMeerkats" */;
			compatibilityVersion = "Xcode 8.0";
			developmentRegion = en;
			hasScannedForEncodings = 0;
			knownRegions = (
				en,
				Base,
			);
			mainGroup = 92EC63851F617D1400BF8329;
			productRefGroup = 92EC638F1F617D1400BF8329 /* Products */;
			projectDirPath = "";
			projectRoot = "";
			targets = (
				92EC638D1F617D1400BF8329 /* iOSMeerkats */,
			);
		};
/* End PBXProject section */

/* Begin PBXResourcesBuildPhase section */
		92EC638C1F617D1400BF8329 /* Resources */ = {
			isa = PBXResourcesBuildPhase;
			buildActionMask = 2147483647;
			files = (
				92EC63941F617D1400BF8329 /* art.scnassets in Resources */,
				92EC639E1F617D1400BF8329 /* LaunchScreen.storyboard in Resources */,
				92EC639B1F617D1400BF8329 /* Assets.xcassets in Resources */,
				92EC63991F617D1400BF8329 /* Main.storyboard in Resources */,
				916EB6CE1F61BFB6004F976D /* Settings.storyboard in Resources */,
			);
			runOnlyForDeploymentPostprocessing = 0;
		};
/* End PBXResourcesBuildPhase section */

/* Begin PBXSourcesBuildPhase section */
		92EC638A1F617D1400BF8329 /* Sources */ = {
			isa = PBXSourcesBuildPhase;
			buildActionMask = 2147483647;
			files = (
				92EC63961F617D1400BF8329 /* ViewController.swift in Sources */,
				92EC63921F617D1400BF8329 /* AppDelegate.swift in Sources */,
				9295C8791F61B4DE004E00A4 /* PlanarMeerkatsViewController.swift in Sources */,
				916EB6D01F61BFBE004F976D /* SettingsViewController.swift in Sources */,
				9295C8551F6192D5004E00A4 /* Utils.swift in Sources */,
			);
			runOnlyForDeploymentPostprocessing = 0;
		};
/* End PBXSourcesBuildPhase section */

/* Begin PBXVariantGroup section */
		92EC63971F617D1400BF8329 /* Main.storyboard */ = {
			isa = PBXVariantGroup;
			children = (
				92EC63981F617D1400BF8329 /* Base */,
			);
			name = Main.storyboard;
			sourceTree = "<group>";
		};
		92EC639C1F617D1400BF8329 /* LaunchScreen.storyboard */ = {
			isa = PBXVariantGroup;
			children = (
				92EC639D1F617D1400BF8329 /* Base */,
			);
			name = LaunchScreen.storyboard;
			sourceTree = "<group>";
		};
/* End PBXVariantGroup section */

/* Begin XCBuildConfiguration section */
		92EC63A01F617D1400BF8329 /* Debug */ = {
			isa = XCBuildConfiguration;
			buildSettings = {
				ALWAYS_SEARCH_USER_PATHS = NO;
				CLANG_ANALYZER_NONNULL = YES;
				CLANG_ANALYZER_NUMBER_OBJECT_CONVERSION = YES_AGGRESSIVE;
				CLANG_CXX_LANGUAGE_STANDARD = "gnu++14";
				CLANG_CXX_LIBRARY = "libc++";
				CLANG_ENABLE_MODULES = YES;
				CLANG_ENABLE_OBJC_ARC = YES;
				CLANG_WARN_BLOCK_CAPTURE_AUTORELEASING = YES;
				CLANG_WARN_BOOL_CONVERSION = YES;
				CLANG_WARN_COMMA = YES;
				CLANG_WARN_CONSTANT_CONVERSION = YES;
				CLANG_WARN_DIRECT_OBJC_ISA_USAGE = YES_ERROR;
				CLANG_WARN_DOCUMENTATION_COMMENTS = YES;
				CLANG_WARN_EMPTY_BODY = YES;
				CLANG_WARN_ENUM_CONVERSION = YES;
				CLANG_WARN_INFINITE_RECURSION = YES;
				CLANG_WARN_INT_CONVERSION = YES;
				CLANG_WARN_OBJC_ROOT_CLASS = YES_ERROR;
				CLANG_WARN_RANGE_LOOP_ANALYSIS = YES;
				CLANG_WARN_STRICT_PROTOTYPES = YES;
				CLANG_WARN_SUSPICIOUS_MOVE = YES;
				CLANG_WARN_UNGUARDED_AVAILABILITY = YES_AGGRESSIVE;
				CLANG_WARN_UNREACHABLE_CODE = YES;
				CLANG_WARN__DUPLICATE_METHOD_MATCH = YES;
				CODE_SIGN_IDENTITY = "iPhone Developer";
				COPY_PHASE_STRIP = NO;
				DEBUG_INFORMATION_FORMAT = dwarf;
				ENABLE_STRICT_OBJC_MSGSEND = YES;
				ENABLE_TESTABILITY = YES;
				GCC_C_LANGUAGE_STANDARD = gnu11;
				GCC_DYNAMIC_NO_PIC = NO;
				GCC_NO_COMMON_BLOCKS = YES;
				GCC_OPTIMIZATION_LEVEL = 0;
				GCC_PREPROCESSOR_DEFINITIONS = (
					"DEBUG=1",
					"$(inherited)",
				);
				GCC_WARN_64_TO_32_BIT_CONVERSION = YES;
				GCC_WARN_ABOUT_RETURN_TYPE = YES_ERROR;
				GCC_WARN_UNDECLARED_SELECTOR = YES;
				GCC_WARN_UNINITIALIZED_AUTOS = YES_AGGRESSIVE;
				GCC_WARN_UNUSED_FUNCTION = YES;
				GCC_WARN_UNUSED_VARIABLE = YES;
				IPHONEOS_DEPLOYMENT_TARGET = 11.0;
				MTL_ENABLE_DEBUG_INFO = YES;
				ONLY_ACTIVE_ARCH = YES;
				SDKROOT = iphoneos;
				SWIFT_ACTIVE_COMPILATION_CONDITIONS = DEBUG;
				SWIFT_OPTIMIZATION_LEVEL = "-Onone";
			};
			name = Debug;
		};
		92EC63A11F617D1400BF8329 /* Release */ = {
			isa = XCBuildConfiguration;
			buildSettings = {
				ALWAYS_SEARCH_USER_PATHS = NO;
				CLANG_ANALYZER_NONNULL = YES;
				CLANG_ANALYZER_NUMBER_OBJECT_CONVERSION = YES_AGGRESSIVE;
				CLANG_CXX_LANGUAGE_STANDARD = "gnu++14";
				CLANG_CXX_LIBRARY = "libc++";
				CLANG_ENABLE_MODULES = YES;
				CLANG_ENABLE_OBJC_ARC = YES;
				CLANG_WARN_BLOCK_CAPTURE_AUTORELEASING = YES;
				CLANG_WARN_BOOL_CONVERSION = YES;
				CLANG_WARN_COMMA = YES;
				CLANG_WARN_CONSTANT_CONVERSION = YES;
				CLANG_WARN_DIRECT_OBJC_ISA_USAGE = YES_ERROR;
				CLANG_WARN_DOCUMENTATION_COMMENTS = YES;
				CLANG_WARN_EMPTY_BODY = YES;
				CLANG_WARN_ENUM_CONVERSION = YES;
				CLANG_WARN_INFINITE_RECURSION = YES;
				CLANG_WARN_INT_CONVERSION = YES;
				CLANG_WARN_OBJC_ROOT_CLASS = YES_ERROR;
				CLANG_WARN_RANGE_LOOP_ANALYSIS = YES;
				CLANG_WARN_STRICT_PROTOTYPES = YES;
				CLANG_WARN_SUSPICIOUS_MOVE = YES;
				CLANG_WARN_UNGUARDED_AVAILABILITY = YES_AGGRESSIVE;
				CLANG_WARN_UNREACHABLE_CODE = YES;
				CLANG_WARN__DUPLICATE_METHOD_MATCH = YES;
				CODE_SIGN_IDENTITY = "iPhone Developer";
				COPY_PHASE_STRIP = NO;
				DEBUG_INFORMATION_FORMAT = "dwarf-with-dsym";
				ENABLE_NS_ASSERTIONS = NO;
				ENABLE_STRICT_OBJC_MSGSEND = YES;
				GCC_C_LANGUAGE_STANDARD = gnu11;
				GCC_NO_COMMON_BLOCKS = YES;
				GCC_WARN_64_TO_32_BIT_CONVERSION = YES;
				GCC_WARN_ABOUT_RETURN_TYPE = YES_ERROR;
				GCC_WARN_UNDECLARED_SELECTOR = YES;
				GCC_WARN_UNINITIALIZED_AUTOS = YES_AGGRESSIVE;
				GCC_WARN_UNUSED_FUNCTION = YES;
				GCC_WARN_UNUSED_VARIABLE = YES;
				IPHONEOS_DEPLOYMENT_TARGET = 11.0;
				MTL_ENABLE_DEBUG_INFO = NO;
				SDKROOT = iphoneos;
				SWIFT_OPTIMIZATION_LEVEL = "-Owholemodule";
				VALIDATE_PRODUCT = YES;
			};
			name = Release;
		};
		92EC63A31F617D1400BF8329 /* Debug */ = {
			isa = XCBuildConfiguration;
			buildSettings = {
				ASSETCATALOG_COMPILER_APPICON_NAME = AppIcon;
				DEVELOPMENT_TEAM = LY9WTRZMPA;
				INFOPLIST_FILE = iOSMeerkats/Info.plist;
				LD_RUNPATH_SEARCH_PATHS = "$(inherited) @executable_path/Frameworks";
				PRODUCT_BUNDLE_IDENTIFIER = com.google.iOSMeerkats;
				PRODUCT_NAME = "$(TARGET_NAME)";
				SWIFT_VERSION = 4.0;
				TARGETED_DEVICE_FAMILY = "1,2";
			};
			name = Debug;
		};
		92EC63A41F617D1400BF8329 /* Release */ = {
			isa = XCBuildConfiguration;
			buildSettings = {
				ASSETCATALOG_COMPILER_APPICON_NAME = AppIcon;
				DEVELOPMENT_TEAM = LY9WTRZMPA;
				INFOPLIST_FILE = iOSMeerkats/Info.plist;
				LD_RUNPATH_SEARCH_PATHS = "$(inherited) @executable_path/Frameworks";
				PRODUCT_BUNDLE_IDENTIFIER = com.google.iOSMeerkats;
				PRODUCT_NAME = "$(TARGET_NAME)";
				SWIFT_VERSION = 4.0;
				TARGETED_DEVICE_FAMILY = "1,2";
			};
			name = Release;
		};
/* End XCBuildConfiguration section */

/* Begin XCConfigurationList section */
		92EC63891F617D1400BF8329 /* Build configuration list for PBXProject "iOSMeerkats" */ = {
			isa = XCConfigurationList;
			buildConfigurations = (
				92EC63A01F617D1400BF8329 /* Debug */,
				92EC63A11F617D1400BF8329 /* Release */,
			);
			defaultConfigurationIsVisible = 0;
			defaultConfigurationName = Release;
		};
		92EC63A21F617D1400BF8329 /* Build configuration list for PBXNativeTarget "iOSMeerkats" */ = {
			isa = XCConfigurationList;
			buildConfigurations = (
				92EC63A31F617D1400BF8329 /* Debug */,
				92EC63A41F617D1400BF8329 /* Release */,
			);
			defaultConfigurationIsVisible = 0;
			defaultConfigurationName = Release;
		};
/* End XCConfigurationList section */
	};
	rootObject = 92EC63861F617D1400BF8329 /* Project object */;
}
